// !$*UTF8*$!
{
	archiveVersion = 1;
	classes = {
	};
	objectVersion = 46;
	objects = {

/* Begin PBXBuildFile section */
		24034102C099E258320FD74B /* MRMultiplayerNetworking.m in Sources */ = {isa = PBXBuildFile; fileRef = 240340CFDEA291704B21D783 /* MRMultiplayerNetworking.m */; };
		24034393598AC19B490F66FC /* MRGameKitHelper.m in Sources */ = {isa = PBXBuildFile; fileRef = 240344FD15D15013A4D153FE /* MRGameKitHelper.m */; };
		240346CB7D847416B4B0E277 /* MRDamagedObject.m in Sources */ = {isa = PBXBuildFile; fileRef = 2403433DF5DC146597AB0572 /* MRDamagedObject.m */; };
		24034BE165E4435C755B9736 /* MRBlockNode.m in Sources */ = {isa = PBXBuildFile; fileRef = 240348590E46310695B7F8FD /* MRBlockNode.m */; };
		3125649C1AEA4E7600EE3690 /* MRMenuViewController.m in Sources */ = {isa = PBXBuildFile; fileRef = 3125649B1AEA4E7600EE3690 /* MRMenuViewController.m */; };
		31F23A5A1AEB669000864981 /* MRGameOverViewController.m in Sources */ = {isa = PBXBuildFile; fileRef = 31F23A591AEB669000864981 /* MRGameOverViewController.m */; };
		31F23A621AEC803200864981 /* explode.atlas in Resources */ = {isa = PBXBuildFile; fileRef = 31F23A611AEC803200864981 /* explode.atlas */; };
		31F23A641AEC8C2700864981 /* blood.atlas in Resources */ = {isa = PBXBuildFile; fileRef = 31F23A631AEC8C2700864981 /* blood.atlas */; };
		CE6A41251AEA3B4700C94BED /* main.m in Sources */ = {isa = PBXBuildFile; fileRef = CE6A41241AEA3B4700C94BED /* main.m */; };
		CE6A41281AEA3B4700C94BED /* AppDelegate.m in Sources */ = {isa = PBXBuildFile; fileRef = CE6A41271AEA3B4700C94BED /* AppDelegate.m */; };
		CE6A412B1AEA3B4700C94BED /* GameScene.m in Sources */ = {isa = PBXBuildFile; fileRef = CE6A412A1AEA3B4700C94BED /* GameScene.m */; };
		CE6A412D1AEA3B4700C94BED /* GameScene.sks in Resources */ = {isa = PBXBuildFile; fileRef = CE6A412C1AEA3B4700C94BED /* GameScene.sks */; };
		CE6A41301AEA3B4700C94BED /* MRGameViewController.m in Sources */ = {isa = PBXBuildFile; fileRef = CE6A412F1AEA3B4700C94BED /* MRGameViewController.m */; };
		CE6A41331AEA3B4700C94BED /* Main.storyboard in Resources */ = {isa = PBXBuildFile; fileRef = CE6A41311AEA3B4700C94BED /* Main.storyboard */; };
		CE6A41351AEA3B4700C94BED /* Images.xcassets in Resources */ = {isa = PBXBuildFile; fileRef = CE6A41341AEA3B4700C94BED /* Images.xcassets */; };
		CE6A41381AEA3B4700C94BED /* LaunchScreen.xib in Resources */ = {isa = PBXBuildFile; fileRef = CE6A41361AEA3B4700C94BED /* LaunchScreen.xib */; };
		CE6A41441AEA3B4700C94BED /* lastwarTests.m in Sources */ = {isa = PBXBuildFile; fileRef = CE6A41431AEA3B4700C94BED /* lastwarTests.m */; };
		CE6A41551AEA6B9400C94BED /* MRSpalshViewController.m in Sources */ = {isa = PBXBuildFile; fileRef = CE6A41541AEA6B9400C94BED /* MRSpalshViewController.m */; };
		CE6A41591AEA7A9900C94BED /* MRPlayerSprite.m in Sources */ = {isa = PBXBuildFile; fileRef = CE6A41581AEA7A9900C94BED /* MRPlayerSprite.m */; };
		CEF1F5B51AEB2AFD00A01D7E /* MRBulletNode.m in Sources */ = {isa = PBXBuildFile; fileRef = CEF1F5B41AEB2AFD00A01D7E /* MRBulletNode.m */; };
		CEF1F5B91AEC8C2F00A01D7E /* MRBaseViewController.m in Sources */ = {isa = PBXBuildFile; fileRef = CEF1F5B81AEC8C2F00A01D7E /* MRBaseViewController.m */; };
		CEF1F5BB1AEC955200A01D7E /* blaster.wav in Resources */ = {isa = PBXBuildFile; fileRef = CEF1F5BA1AEC955200A01D7E /* blaster.wav */; };
/* End PBXBuildFile section */

/* Begin PBXContainerItemProxy section */
		CE6A413E1AEA3B4700C94BED /* PBXContainerItemProxy */ = {
			isa = PBXContainerItemProxy;
			containerPortal = CE6A41171AEA3B4700C94BED /* Project object */;
			proxyType = 1;
			remoteGlobalIDString = CE6A411E1AEA3B4700C94BED;
			remoteInfo = lastwar;
		};
/* End PBXContainerItemProxy section */

/* Begin PBXFileReference section */
		240340CFDEA291704B21D783 /* MRMultiplayerNetworking.m */ = {isa = PBXFileReference; fileEncoding = 4; lastKnownFileType = sourcecode.c.objc; path = MRMultiplayerNetworking.m; sourceTree = "<group>"; };
		2403433DF5DC146597AB0572 /* MRDamagedObject.m */ = {isa = PBXFileReference; fileEncoding = 4; lastKnownFileType = sourcecode.c.objc; path = MRDamagedObject.m; sourceTree = "<group>"; };
		240344FD15D15013A4D153FE /* MRGameKitHelper.m */ = {isa = PBXFileReference; fileEncoding = 4; lastKnownFileType = sourcecode.c.objc; path = MRGameKitHelper.m; sourceTree = "<group>"; };
		2403452668A6D40FA5497842 /* MRMultiplayerNetworking.h */ = {isa = PBXFileReference; fileEncoding = 4; lastKnownFileType = sourcecode.c.h; path = MRMultiplayerNetworking.h; sourceTree = "<group>"; };
		240347FC07B4E7FC7D27BD22 /* MRGameKitHelper.h */ = {isa = PBXFileReference; fileEncoding = 4; lastKnownFileType = sourcecode.c.h; path = MRGameKitHelper.h; sourceTree = "<group>"; };
		240348590E46310695B7F8FD /* MRBlockNode.m */ = {isa = PBXFileReference; fileEncoding = 4; lastKnownFileType = sourcecode.c.objc; path = MRBlockNode.m; sourceTree = "<group>"; };
		24034BD93D09B4E2FDA8DF96 /* matchEndType.h */ = {isa = PBXFileReference; fileEncoding = 4; lastKnownFileType = sourcecode.c.h; path = matchEndType.h; sourceTree = "<group>"; };
		24034EC28CACE8A26068029D /* MRBlockNode.h */ = {isa = PBXFileReference; fileEncoding = 4; lastKnownFileType = sourcecode.c.h; path = MRBlockNode.h; sourceTree = "<group>"; };
		24034F796197F0B290A395F5 /* MRDamagedObject.h */ = {isa = PBXFileReference; fileEncoding = 4; lastKnownFileType = sourcecode.c.h; path = MRDamagedObject.h; sourceTree = "<group>"; };
		24034FB5DB67394A16E6115E /* masks.h */ = {isa = PBXFileReference; fileEncoding = 4; lastKnownFileType = sourcecode.c.h; path = masks.h; sourceTree = "<group>"; };
		3125649A1AEA4E7600EE3690 /* MRMenuViewController.h */ = {isa = PBXFileReference; fileEncoding = 4; lastKnownFileType = sourcecode.c.h; path = MRMenuViewController.h; sourceTree = "<group>"; };
		3125649B1AEA4E7600EE3690 /* MRMenuViewController.m */ = {isa = PBXFileReference; fileEncoding = 4; lastKnownFileType = sourcecode.c.objc; path = MRMenuViewController.m; sourceTree = "<group>"; };
		31F23A581AEB669000864981 /* MRGameOverViewController.h */ = {isa = PBXFileReference; fileEncoding = 4; lastKnownFileType = sourcecode.c.h; path = MRGameOverViewController.h; sourceTree = "<group>"; };
		31F23A591AEB669000864981 /* MRGameOverViewController.m */ = {isa = PBXFileReference; fileEncoding = 4; lastKnownFileType = sourcecode.c.objc; path = MRGameOverViewController.m; sourceTree = "<group>"; };
		31F23A611AEC803200864981 /* explode.atlas */ = {isa = PBXFileReference; lastKnownFileType = folder.skatlas; path = explode.atlas; sourceTree = "<group>"; };
		31F23A631AEC8C2700864981 /* blood.atlas */ = {isa = PBXFileReference; lastKnownFileType = folder.skatlas; path = blood.atlas; sourceTree = "<group>"; };
		CE6A411F1AEA3B4700C94BED /* lastwar.app */ = {isa = PBXFileReference; explicitFileType = wrapper.application; includeInIndex = 0; path = lastwar.app; sourceTree = BUILT_PRODUCTS_DIR; };
		CE6A41231AEA3B4700C94BED /* Info.plist */ = {isa = PBXFileReference; lastKnownFileType = text.plist.xml; path = Info.plist; sourceTree = "<group>"; };
		CE6A41241AEA3B4700C94BED /* main.m */ = {isa = PBXFileReference; lastKnownFileType = sourcecode.c.objc; path = main.m; sourceTree = "<group>"; };
		CE6A41261AEA3B4700C94BED /* AppDelegate.h */ = {isa = PBXFileReference; lastKnownFileType = sourcecode.c.h; path = AppDelegate.h; sourceTree = "<group>"; };
		CE6A41271AEA3B4700C94BED /* AppDelegate.m */ = {isa = PBXFileReference; lastKnownFileType = sourcecode.c.objc; path = AppDelegate.m; sourceTree = "<group>"; };
		CE6A41291AEA3B4700C94BED /* GameScene.h */ = {isa = PBXFileReference; lastKnownFileType = sourcecode.c.h; path = GameScene.h; sourceTree = "<group>"; };
		CE6A412A1AEA3B4700C94BED /* GameScene.m */ = {isa = PBXFileReference; lastKnownFileType = sourcecode.c.objc; path = GameScene.m; sourceTree = "<group>"; };
		CE6A412C1AEA3B4700C94BED /* GameScene.sks */ = {isa = PBXFileReference; lastKnownFileType = file.sks; path = GameScene.sks; sourceTree = "<group>"; };
		CE6A412E1AEA3B4700C94BED /* MRGameViewController.h */ = {isa = PBXFileReference; lastKnownFileType = sourcecode.c.h; path = MRGameViewController.h; sourceTree = "<group>"; };
		CE6A412F1AEA3B4700C94BED /* MRGameViewController.m */ = {isa = PBXFileReference; lastKnownFileType = sourcecode.c.objc; path = MRGameViewController.m; sourceTree = "<group>"; };
		CE6A41321AEA3B4700C94BED /* Base */ = {isa = PBXFileReference; lastKnownFileType = file.storyboard; name = Base; path = Base.lproj/Main.storyboard; sourceTree = "<group>"; };
		CE6A41341AEA3B4700C94BED /* Images.xcassets */ = {isa = PBXFileReference; lastKnownFileType = folder.assetcatalog; path = Images.xcassets; sourceTree = "<group>"; };
		CE6A41371AEA3B4700C94BED /* Base */ = {isa = PBXFileReference; lastKnownFileType = file.xib; name = Base; path = Base.lproj/LaunchScreen.xib; sourceTree = "<group>"; };
		CE6A413D1AEA3B4700C94BED /* lastwarTests.xctest */ = {isa = PBXFileReference; explicitFileType = wrapper.cfbundle; includeInIndex = 0; path = lastwarTests.xctest; sourceTree = BUILT_PRODUCTS_DIR; };
		CE6A41421AEA3B4700C94BED /* Info.plist */ = {isa = PBXFileReference; lastKnownFileType = text.plist.xml; path = Info.plist; sourceTree = "<group>"; };
		CE6A41431AEA3B4700C94BED /* lastwarTests.m */ = {isa = PBXFileReference; lastKnownFileType = sourcecode.c.objc; path = lastwarTests.m; sourceTree = "<group>"; };
		CE6A41531AEA6B9400C94BED /* MRSpalshViewController.h */ = {isa = PBXFileReference; fileEncoding = 4; lastKnownFileType = sourcecode.c.h; name = MRSpalshViewController.h; path = controllers/MRSpalshViewController.h; sourceTree = "<group>"; };
		CE6A41541AEA6B9400C94BED /* MRSpalshViewController.m */ = {isa = PBXFileReference; fileEncoding = 4; lastKnownFileType = sourcecode.c.objc; name = MRSpalshViewController.m; path = controllers/MRSpalshViewController.m; sourceTree = "<group>"; };
		CE6A41571AEA7A9900C94BED /* MRPlayerSprite.h */ = {isa = PBXFileReference; fileEncoding = 4; lastKnownFileType = sourcecode.c.h; name = MRPlayerSprite.h; path = objects/MRPlayerSprite.h; sourceTree = "<group>"; };
		CE6A41581AEA7A9900C94BED /* MRPlayerSprite.m */ = {isa = PBXFileReference; fileEncoding = 4; lastKnownFileType = sourcecode.c.objc; name = MRPlayerSprite.m; path = objects/MRPlayerSprite.m; sourceTree = "<group>"; };
		CEF1F5B31AEB2AFD00A01D7E /* MRBulletNode.h */ = {isa = PBXFileReference; fileEncoding = 4; lastKnownFileType = sourcecode.c.h; name = MRBulletNode.h; path = objects/MRBulletNode.h; sourceTree = "<group>"; };
		CEF1F5B41AEB2AFD00A01D7E /* MRBulletNode.m */ = {isa = PBXFileReference; fileEncoding = 4; lastKnownFileType = sourcecode.c.objc; name = MRBulletNode.m; path = objects/MRBulletNode.m; sourceTree = "<group>"; };
		CEF1F5B71AEC8C2F00A01D7E /* MRBaseViewController.h */ = {isa = PBXFileReference; fileEncoding = 4; lastKnownFileType = sourcecode.c.h; name = MRBaseViewController.h; path = controllers/MRBaseViewController.h; sourceTree = "<group>"; };
		CEF1F5B81AEC8C2F00A01D7E /* MRBaseViewController.m */ = {isa = PBXFileReference; fileEncoding = 4; lastKnownFileType = sourcecode.c.objc; name = MRBaseViewController.m; path = controllers/MRBaseViewController.m; sourceTree = "<group>"; };
		CEF1F5BA1AEC955200A01D7E /* blaster.wav */ = {isa = PBXFileReference; lastKnownFileType = audio.wav; path = blaster.wav; sourceTree = "<group>"; };
/* End PBXFileReference section */

/* Begin PBXFrameworksBuildPhase section */
		CE6A411C1AEA3B4700C94BED /* Frameworks */ = {
			isa = PBXFrameworksBuildPhase;
			buildActionMask = 2147483647;
			files = (
			);
			runOnlyForDeploymentPostprocessing = 0;
		};
		CE6A413A1AEA3B4700C94BED /* Frameworks */ = {
			isa = PBXFrameworksBuildPhase;
			buildActionMask = 2147483647;
			files = (
			);
			runOnlyForDeploymentPostprocessing = 0;
		};
/* End PBXFrameworksBuildPhase section */

/* Begin PBXGroup section */
		240344A712B89E387E599FA5 /* gamekit */ = {
			isa = PBXGroup;
			children = (
				240347FC07B4E7FC7D27BD22 /* MRGameKitHelper.h */,
				240344FD15D15013A4D153FE /* MRGameKitHelper.m */,
				2403452668A6D40FA5497842 /* MRMultiplayerNetworking.h */,
				240340CFDEA291704B21D783 /* MRMultiplayerNetworking.m */,
				24034BD93D09B4E2FDA8DF96 /* matchEndType.h */,
			);
			name = gamekit;
			sourceTree = "<group>";
		};
		31F23A571AEB668000864981 /* gameover */ = {
			isa = PBXGroup;
			children = (
				31F23A581AEB669000864981 /* MRGameOverViewController.h */,
				31F23A591AEB669000864981 /* MRGameOverViewController.m */,
			);
			name = gameover;
			sourceTree = "<group>";
		};
		CE6A41161AEA3B4700C94BED = {
			isa = PBXGroup;
			children = (
				CE6A41211AEA3B4700C94BED /* lastwar */,
				CE6A41401AEA3B4700C94BED /* lastwarTests */,
				CE6A41201AEA3B4700C94BED /* Products */,
			);
			sourceTree = "<group>";
		};
		CE6A41201AEA3B4700C94BED /* Products */ = {
			isa = PBXGroup;
			children = (
				CE6A411F1AEA3B4700C94BED /* lastwar.app */,
				CE6A413D1AEA3B4700C94BED /* lastwarTests.xctest */,
			);
			name = Products;
			sourceTree = "<group>";
		};
		CE6A41211AEA3B4700C94BED /* lastwar */ = {
			isa = PBXGroup;
			children = (
				CEF1F5BC1AEC955600A01D7E /* sounds */,
				CE6A41561AEA7A4300C94BED /* objects */,
				CE6A414E1AEA3C5600C94BED /* services */,
				CE6A414D1AEA3C3A00C94BED /* controllers */,
				CE6A41261AEA3B4700C94BED /* AppDelegate.h */,
				CE6A41271AEA3B4700C94BED /* AppDelegate.m */,
				CE6A41341AEA3B4700C94BED /* Images.xcassets */,
				CE6A41361AEA3B4700C94BED /* LaunchScreen.xib */,
				CE6A41221AEA3B4700C94BED /* Supporting Files */,
			);
			path = lastwar;
			sourceTree = "<group>";
		};
		CE6A41221AEA3B4700C94BED /* Supporting Files */ = {
			isa = PBXGroup;
			children = (
				CE6A41231AEA3B4700C94BED /* Info.plist */,
				CE6A41241AEA3B4700C94BED /* main.m */,
			);
			name = "Supporting Files";
			sourceTree = "<group>";
		};
		CE6A41401AEA3B4700C94BED /* lastwarTests */ = {
			isa = PBXGroup;
			children = (
				CE6A41431AEA3B4700C94BED /* lastwarTests.m */,
				CE6A41411AEA3B4700C94BED /* Supporting Files */,
			);
			path = lastwarTests;
			sourceTree = "<group>";
		};
		CE6A41411AEA3B4700C94BED /* Supporting Files */ = {
			isa = PBXGroup;
			children = (
				CE6A41421AEA3B4700C94BED /* Info.plist */,
			);
			name = "Supporting Files";
			sourceTree = "<group>";
		};
		CE6A414D1AEA3C3A00C94BED /* controllers */ = {
			isa = PBXGroup;
			children = (
				CEF1F5B61AEC8BEB00A01D7E /* base */,
				31F23A571AEB668000864981 /* gameover */,
				CE6A41521AEA6B1C00C94BED /* splash */,
				CE6A41511AEA3CCA00C94BED /* game */,
				CE6A41501AEA3CA400C94BED /* mainmenu */,
				CE6A41311AEA3B4700C94BED /* Main.storyboard */,
			);
			name = controllers;
			sourceTree = "<group>";
		};
		CE6A414E1AEA3C5600C94BED /* services */ = {
			isa = PBXGroup;
			children = (
				CE6A414F1AEA3C8100C94BED /* gamescene */,
				240344A712B89E387E599FA5 /* gamekit */,
			);
			name = services;
			sourceTree = "<group>";
		};
		CE6A414F1AEA3C8100C94BED /* gamescene */ = {
			isa = PBXGroup;
			children = (
				CE6A41291AEA3B4700C94BED /* GameScene.h */,
				CE6A412A1AEA3B4700C94BED /* GameScene.m */,
				CE6A412C1AEA3B4700C94BED /* GameScene.sks */,
			);
			name = gamescene;
			sourceTree = "<group>";
		};
		CE6A41501AEA3CA400C94BED /* mainmenu */ = {
			isa = PBXGroup;
			children = (
				3125649A1AEA4E7600EE3690 /* MRMenuViewController.h */,
				3125649B1AEA4E7600EE3690 /* MRMenuViewController.m */,
			);
			name = mainmenu;
			sourceTree = "<group>";
		};
		CE6A41511AEA3CCA00C94BED /* game */ = {
			isa = PBXGroup;
			children = (
				CE6A412E1AEA3B4700C94BED /* MRGameViewController.h */,
				CE6A412F1AEA3B4700C94BED /* MRGameViewController.m */,
			);
			name = game;
			sourceTree = "<group>";
		};
		CE6A41521AEA6B1C00C94BED /* splash */ = {
			isa = PBXGroup;
			children = (
				CE6A41531AEA6B9400C94BED /* MRSpalshViewController.h */,
				CE6A41541AEA6B9400C94BED /* MRSpalshViewController.m */,
			);
			name = splash;
			sourceTree = "<group>";
		};
		CE6A41561AEA7A4300C94BED /* objects */ = {
			isa = PBXGroup;
			children = (
				31F23A631AEC8C2700864981 /* blood.atlas */,
				31F23A611AEC803200864981 /* explode.atlas */,
				CE6A41571AEA7A9900C94BED /* MRPlayerSprite.h */,
				CE6A41581AEA7A9900C94BED /* MRPlayerSprite.m */,
				CEF1F5B31AEB2AFD00A01D7E /* MRBulletNode.h */,
				CEF1F5B41AEB2AFD00A01D7E /* MRBulletNode.m */,
				24034FB5DB67394A16E6115E /* masks.h */,
				240348590E46310695B7F8FD /* MRBlockNode.m */,
				24034EC28CACE8A26068029D /* MRBlockNode.h */,
				2403433DF5DC146597AB0572 /* MRDamagedObject.m */,
				24034F796197F0B290A395F5 /* MRDamagedObject.h */,
			);
			name = objects;
			sourceTree = "<group>";
		};
		CEF1F5B61AEC8BEB00A01D7E /* base */ = {
			isa = PBXGroup;
			children = (
				CEF1F5B71AEC8C2F00A01D7E /* MRBaseViewController.h */,
				CEF1F5B81AEC8C2F00A01D7E /* MRBaseViewController.m */,
			);
			name = base;
			sourceTree = "<group>";
		};
		CEF1F5BC1AEC955600A01D7E /* sounds */ = {
			isa = PBXGroup;
			children = (
				CEF1F5BA1AEC955200A01D7E /* blaster.wav */,
			);
			name = sounds;
			sourceTree = "<group>";
		};
/* End PBXGroup section */

/* Begin PBXNativeTarget section */
		CE6A411E1AEA3B4700C94BED /* lastwar */ = {
			isa = PBXNativeTarget;
			buildConfigurationList = CE6A41471AEA3B4700C94BED /* Build configuration list for PBXNativeTarget "lastwar" */;
			buildPhases = (
				CE6A411B1AEA3B4700C94BED /* Sources */,
				CE6A411C1AEA3B4700C94BED /* Frameworks */,
				CE6A411D1AEA3B4700C94BED /* Resources */,
			);
			buildRules = (
			);
			dependencies = (
			);
			name = lastwar;
			productName = lastwar;
			productReference = CE6A411F1AEA3B4700C94BED /* lastwar.app */;
			productType = "com.apple.product-type.application";
		};
		CE6A413C1AEA3B4700C94BED /* lastwarTests */ = {
			isa = PBXNativeTarget;
			buildConfigurationList = CE6A414A1AEA3B4700C94BED /* Build configuration list for PBXNativeTarget "lastwarTests" */;
			buildPhases = (
				CE6A41391AEA3B4700C94BED /* Sources */,
				CE6A413A1AEA3B4700C94BED /* Frameworks */,
				CE6A413B1AEA3B4700C94BED /* Resources */,
			);
			buildRules = (
			);
			dependencies = (
				CE6A413F1AEA3B4700C94BED /* PBXTargetDependency */,
			);
			name = lastwarTests;
			productName = lastwarTests;
			productReference = CE6A413D1AEA3B4700C94BED /* lastwarTests.xctest */;
			productType = "com.apple.product-type.bundle.unit-test";
		};
/* End PBXNativeTarget section */

/* Begin PBXProject section */
		CE6A41171AEA3B4700C94BED /* Project object */ = {
			isa = PBXProject;
			attributes = {
				LastUpgradeCheck = 0630;
				ORGANIZATIONNAME = MAYAK;
				TargetAttributes = {
					CE6A411E1AEA3B4700C94BED = {
						CreatedOnToolsVersion = 6.3.1;
						DevelopmentTeam = 44FPHB4323;
					};
					CE6A413C1AEA3B4700C94BED = {
						CreatedOnToolsVersion = 6.3.1;
						DevelopmentTeam = 44FPHB4323;
						TestTargetID = CE6A411E1AEA3B4700C94BED;
					};
				};
			};
			buildConfigurationList = CE6A411A1AEA3B4700C94BED /* Build configuration list for PBXProject "lastwar" */;
			compatibilityVersion = "Xcode 3.2";
			developmentRegion = English;
			hasScannedForEncodings = 0;
			knownRegions = (
				en,
				Base,
			);
			mainGroup = CE6A41161AEA3B4700C94BED;
			productRefGroup = CE6A41201AEA3B4700C94BED /* Products */;
			projectDirPath = "";
			projectRoot = "";
			targets = (
				CE6A411E1AEA3B4700C94BED /* lastwar */,
				CE6A413C1AEA3B4700C94BED /* lastwarTests */,
			);
		};
/* End PBXProject section */

/* Begin PBXResourcesBuildPhase section */
		CE6A411D1AEA3B4700C94BED /* Resources */ = {
			isa = PBXResourcesBuildPhase;
			buildActionMask = 2147483647;
			files = (
				CE6A41381AEA3B4700C94BED /* LaunchScreen.xib in Resources */,
				CE6A41351AEA3B4700C94BED /* Images.xcassets in Resources */,
				CEF1F5BB1AEC955200A01D7E /* blaster.wav in Resources */,
				31F23A641AEC8C2700864981 /* blood.atlas in Resources */,
				CE6A412D1AEA3B4700C94BED /* GameScene.sks in Resources */,
				CE6A41331AEA3B4700C94BED /* Main.storyboard in Resources */,
				31F23A621AEC803200864981 /* explode.atlas in Resources */,
			);
			runOnlyForDeploymentPostprocessing = 0;
		};
		CE6A413B1AEA3B4700C94BED /* Resources */ = {
			isa = PBXResourcesBuildPhase;
			buildActionMask = 2147483647;
			files = (
			);
			runOnlyForDeploymentPostprocessing = 0;
		};
/* End PBXResourcesBuildPhase section */

/* Begin PBXSourcesBuildPhase section */
		CE6A411B1AEA3B4700C94BED /* Sources */ = {
			isa = PBXSourcesBuildPhase;
			buildActionMask = 2147483647;
			files = (
				CE6A41301AEA3B4700C94BED /* MRGameViewController.m in Sources */,
				CE6A41281AEA3B4700C94BED /* AppDelegate.m in Sources */,
				CE6A412B1AEA3B4700C94BED /* GameScene.m in Sources */,
				CE6A41251AEA3B4700C94BED /* main.m in Sources */,
				CE6A41551AEA6B9400C94BED /* MRSpalshViewController.m in Sources */,
				CE6A41591AEA7A9900C94BED /* MRPlayerSprite.m in Sources */,
				24034393598AC19B490F66FC /* MRGameKitHelper.m in Sources */,
				3125649C1AEA4E7600EE3690 /* MRMenuViewController.m in Sources */,
				31F23A5A1AEB669000864981 /* MRGameOverViewController.m in Sources */,
				CEF1F5B51AEB2AFD00A01D7E /* MRBulletNode.m in Sources */,
				CEF1F5B91AEC8C2F00A01D7E /* MRBaseViewController.m in Sources */,
				24034102C099E258320FD74B /* MRMultiplayerNetworking.m in Sources */,
				24034BE165E4435C755B9736 /* MRBlockNode.m in Sources */,
				240346CB7D847416B4B0E277 /* MRDamagedObject.m in Sources */,
			);
			runOnlyForDeploymentPostprocessing = 0;
		};
		CE6A41391AEA3B4700C94BED /* Sources */ = {
			isa = PBXSourcesBuildPhase;
			buildActionMask = 2147483647;
			files = (
				CE6A41441AEA3B4700C94BED /* lastwarTests.m in Sources */,
			);
			runOnlyForDeploymentPostprocessing = 0;
		};
/* End PBXSourcesBuildPhase section */

/* Begin PBXTargetDependency section */
		CE6A413F1AEA3B4700C94BED /* PBXTargetDependency */ = {
			isa = PBXTargetDependency;
			target = CE6A411E1AEA3B4700C94BED /* lastwar */;
			targetProxy = CE6A413E1AEA3B4700C94BED /* PBXContainerItemProxy */;
		};
/* End PBXTargetDependency section */

/* Begin PBXVariantGroup section */
		CE6A41311AEA3B4700C94BED /* Main.storyboard */ = {
			isa = PBXVariantGroup;
			children = (
				CE6A41321AEA3B4700C94BED /* Base */,
			);
			name = Main.storyboard;
			sourceTree = "<group>";
		};
		CE6A41361AEA3B4700C94BED /* LaunchScreen.xib */ = {
			isa = PBXVariantGroup;
			children = (
				CE6A41371AEA3B4700C94BED /* Base */,
			);
			name = LaunchScreen.xib;
			sourceTree = "<group>";
		};
/* End PBXVariantGroup section */

/* Begin XCBuildConfiguration section */
		CE6A41451AEA3B4700C94BED /* Debug */ = {
			isa = XCBuildConfiguration;
			buildSettings = {
				ALWAYS_SEARCH_USER_PATHS = NO;
				CLANG_CXX_LANGUAGE_STANDARD = "gnu++0x";
				CLANG_CXX_LIBRARY = "libc++";
				CLANG_ENABLE_MODULES = YES;
				CLANG_ENABLE_OBJC_ARC = YES;
				CLANG_WARN_BOOL_CONVERSION = YES;
				CLANG_WARN_CONSTANT_CONVERSION = YES;
				CLANG_WARN_DIRECT_OBJC_ISA_USAGE = YES_ERROR;
				CLANG_WARN_EMPTY_BODY = YES;
				CLANG_WARN_ENUM_CONVERSION = YES;
				CLANG_WARN_INT_CONVERSION = YES;
				CLANG_WARN_OBJC_ROOT_CLASS = YES_ERROR;
				CLANG_WARN_UNREACHABLE_CODE = YES;
				CLANG_WARN__DUPLICATE_METHOD_MATCH = YES;
				"CODE_SIGN_IDENTITY[sdk=iphoneos*]" = "iPhone Developer";
				COPY_PHASE_STRIP = NO;
				DEBUG_INFORMATION_FORMAT = "dwarf-with-dsym";
				ENABLE_STRICT_OBJC_MSGSEND = YES;
				GCC_C_LANGUAGE_STANDARD = gnu99;
				GCC_DYNAMIC_NO_PIC = NO;
				GCC_NO_COMMON_BLOCKS = YES;
				GCC_OPTIMIZATION_LEVEL = 0;
				GCC_PREPROCESSOR_DEFINITIONS = (
					"DEBUG=1",
					"$(inherited)",
				);
				GCC_SYMBOLS_PRIVATE_EXTERN = NO;
				GCC_WARN_64_TO_32_BIT_CONVERSION = YES;
				GCC_WARN_ABOUT_RETURN_TYPE = YES_ERROR;
				GCC_WARN_UNDECLARED_SELECTOR = YES;
				GCC_WARN_UNINITIALIZED_AUTOS = YES_AGGRESSIVE;
				GCC_WARN_UNUSED_FUNCTION = YES;
				GCC_WARN_UNUSED_VARIABLE = YES;
				IPHONEOS_DEPLOYMENT_TARGET = 8.3;
				MTL_ENABLE_DEBUG_INFO = YES;
				ONLY_ACTIVE_ARCH = YES;
				SDKROOT = iphoneos;
			};
			name = Debug;
		};
		CE6A41461AEA3B4700C94BED /* Release */ = {
			isa = XCBuildConfiguration;
			buildSettings = {
				ALWAYS_SEARCH_USER_PATHS = NO;
				CLANG_CXX_LANGUAGE_STANDARD = "gnu++0x";
				CLANG_CXX_LIBRARY = "libc++";
				CLANG_ENABLE_MODULES = YES;
				CLANG_ENABLE_OBJC_ARC = YES;
				CLANG_WARN_BOOL_CONVERSION = YES;
				CLANG_WARN_CONSTANT_CONVERSION = YES;
				CLANG_WARN_DIRECT_OBJC_ISA_USAGE = YES_ERROR;
				CLANG_WARN_EMPTY_BODY = YES;
				CLANG_WARN_ENUM_CONVERSION = YES;
				CLANG_WARN_INT_CONVERSION = YES;
				CLANG_WARN_OBJC_ROOT_CLASS = YES_ERROR;
				CLANG_WARN_UNREACHABLE_CODE = YES;
				CLANG_WARN__DUPLICATE_METHOD_MATCH = YES;
				"CODE_SIGN_IDENTITY[sdk=iphoneos*]" = "iPhone Developer";
				COPY_PHASE_STRIP = NO;
				DEBUG_INFORMATION_FORMAT = "dwarf-with-dsym";
				ENABLE_NS_ASSERTIONS = NO;
				ENABLE_STRICT_OBJC_MSGSEND = YES;
				GCC_C_LANGUAGE_STANDARD = gnu99;
				GCC_NO_COMMON_BLOCKS = YES;
				GCC_WARN_64_TO_32_BIT_CONVERSION = YES;
				GCC_WARN_ABOUT_RETURN_TYPE = YES_ERROR;
				GCC_WARN_UNDECLARED_SELECTOR = YES;
				GCC_WARN_UNINITIALIZED_AUTOS = YES_AGGRESSIVE;
				GCC_WARN_UNUSED_FUNCTION = YES;
				GCC_WARN_UNUSED_VARIABLE = YES;
				IPHONEOS_DEPLOYMENT_TARGET = 8.3;
				MTL_ENABLE_DEBUG_INFO = NO;
				SDKROOT = iphoneos;
				VALIDATE_PRODUCT = YES;
			};
			name = Release;
		};
		CE6A41481AEA3B4700C94BED /* Debug */ = {
			isa = XCBuildConfiguration;
			buildSettings = {
				ASSETCATALOG_COMPILER_APPICON_NAME = AppIcon;
				CODE_SIGN_IDENTITY = "iPhone Developer";
				INFOPLIST_FILE = lastwar/Info.plist;
				IPHONEOS_DEPLOYMENT_TARGET = 8.0;
				LD_RUNPATH_SEARCH_PATHS = "$(inherited) @executable_path/Frameworks";
				PRODUCT_NAME = "$(TARGET_NAME)";
			};
			name = Debug;
		};
		CE6A41491AEA3B4700C94BED /* Release */ = {
			isa = XCBuildConfiguration;
			buildSettings = {
				ASSETCATALOG_COMPILER_APPICON_NAME = AppIcon;
				CODE_SIGN_IDENTITY = "iPhone Developer";
				INFOPLIST_FILE = lastwar/Info.plist;
				IPHONEOS_DEPLOYMENT_TARGET = 8.0;
				LD_RUNPATH_SEARCH_PATHS = "$(inherited) @executable_path/Frameworks";
				PRODUCT_NAME = "$(TARGET_NAME)";
			};
			name = Release;
		};
		CE6A414B1AEA3B4700C94BED /* Debug */ = {
			isa = XCBuildConfiguration;
			buildSettings = {
				BUNDLE_LOADER = "$(TEST_HOST)";
				CODE_SIGN_IDENTITY = "iPhone Developer";
				"CODE_SIGN_IDENTITY[sdk=iphoneos*]" = "iPhone Developer";
				FRAMEWORK_SEARCH_PATHS = (
					"$(SDKROOT)/Developer/Library/Frameworks",
					"$(inherited)",
				);
				GCC_PREPROCESSOR_DEFINITIONS = (
					"DEBUG=1",
					"$(inherited)",
				);
				INFOPLIST_FILE = lastwarTests/Info.plist;
				LD_RUNPATH_SEARCH_PATHS = "$(inherited) @executable_path/Frameworks @loader_path/Frameworks";
				PRODUCT_NAME = "$(TARGET_NAME)";
				PROVISIONING_PROFILE = "";
				TEST_HOST = "$(BUILT_PRODUCTS_DIR)/lastwar.app/lastwar";
			};
			name = Debug;
		};
		CE6A414C1AEA3B4700C94BED /* Release */ = {
			isa = XCBuildConfiguration;
			buildSettings = {
				BUNDLE_LOADER = "$(TEST_HOST)";
				CODE_SIGN_IDENTITY = "iPhone Developer";
				"CODE_SIGN_IDENTITY[sdk=iphoneos*]" = "iPhone Developer";
				FRAMEWORK_SEARCH_PATHS = (
					"$(SDKROOT)/Developer/Library/Frameworks",
					"$(inherited)",
				);
				INFOPLIST_FILE = lastwarTests/Info.plist;
				LD_RUNPATH_SEARCH_PATHS = "$(inherited) @executable_path/Frameworks @loader_path/Frameworks";
				PRODUCT_NAME = "$(TARGET_NAME)";
				PROVISIONING_PROFILE = "";
				TEST_HOST = "$(BUILT_PRODUCTS_DIR)/lastwar.app/lastwar";
			};
			name = Release;
		};
/* End XCBuildConfiguration section */

/* Begin XCConfigurationList section */
		CE6A411A1AEA3B4700C94BED /* Build configuration list for PBXProject "lastwar" */ = {
			isa = XCConfigurationList;
			buildConfigurations = (
				CE6A41451AEA3B4700C94BED /* Debug */,
				CE6A41461AEA3B4700C94BED /* Release */,
			);
			defaultConfigurationIsVisible = 0;
			defaultConfigurationName = Release;
		};
		CE6A41471AEA3B4700C94BED /* Build configuration list for PBXNativeTarget "lastwar" */ = {
			isa = XCConfigurationList;
			buildConfigurations = (
				CE6A41481AEA3B4700C94BED /* Debug */,
				CE6A41491AEA3B4700C94BED /* Release */,
			);
			defaultConfigurationIsVisible = 0;
			defaultConfigurationName = Release;
		};
		CE6A414A1AEA3B4700C94BED /* Build configuration list for PBXNativeTarget "lastwarTests" */ = {
			isa = XCConfigurationList;
			buildConfigurations = (
				CE6A414B1AEA3B4700C94BED /* Debug */,
				CE6A414C1AEA3B4700C94BED /* Release */,
			);
			defaultConfigurationIsVisible = 0;
			defaultConfigurationName = Release;
		};
/* End XCConfigurationList section */
	};
	rootObject = CE6A41171AEA3B4700C94BED /* Project object */;
}
